
Microsoft Visual Studio Solution File, Format Version 12.00
# Visual Studio Version 16
VisualStudioVersion = 16.0.31702.278
MinimumVisualStudioVersion = 10.0.40219.1
Project("{FAE04EC0-301F-11D3-BF4B-00C04F79EFBC}") = "CustomerServices", "CustomerServices\CustomerServices.csproj", "{E0BE6D12-59E9-40DD-9813-C33F9F777FD0}"
EndProject
Project("{FAE04EC0-301F-11D3-BF4B-00C04F79EFBC}") = "ProductServices", "ProductServices\ProductServices.csproj", "{DF2B1354-1ECD-433E-BBEC-8D2EA3B84BBE}"
EndProject
Project("{FAE04EC0-301F-11D3-BF4B-00C04F79EFBC}") = "OrderServices", "OrderServices\OrderServices.csproj", "{B1C942AF-DA4D-48D1-9F27-7841DAD6F775}"
EndProject
Project("{FAE04EC0-301F-11D3-BF4B-00C04F79EFBC}") = "ApiGateWay", "ApiGateWay\ApiGateWay.csproj", "{08B6E381-0406-4313-B25C-AAB0A7657855}"
EndProject
Project("{FAE04EC0-301F-11D3-BF4B-00C04F79EFBC}") = "CustomerServicesUnitTest", "CustomerServicesUnitTest\CustomerServicesUnitTest.csproj", "{AF85EF34-6355-4A74-B1A3-079702A9D6D1}"
EndProject
Project("{FAE04EC0-301F-11D3-BF4B-00C04F79EFBC}") = "OrderServicesUnitTest", "OrderServicesUnitTest\OrderServicesUnitTest.csproj", "{637DE851-EFDB-4810-9DAE-3BD3B1A7104C}"
EndProject
Project("{FAE04EC0-301F-11D3-BF4B-00C04F79EFBC}") = "ProductServicesUnitTest", "ProductServicesUnitTest\ProductServicesUnitTest.csproj", "{D5C26F02-C9EE-47C9-936A-9413C0B7D20C}"
EndProject
Global
	GlobalSection(SolutionConfigurationPlatforms) = preSolution
		Debug|Any CPU = Debug|Any CPU
		Release|Any CPU = Release|Any CPU
	EndGlobalSection
	GlobalSection(ProjectConfigurationPlatforms) = postSolution
		{E0BE6D12-59E9-40DD-9813-C33F9F777FD0}.Debug|Any CPU.ActiveCfg = Debug|Any CPU
		{E0BE6D12-59E9-40DD-9813-C33F9F777FD0}.Debug|Any CPU.Build.0 = Debug|Any CPU
		{E0BE6D12-59E9-40DD-9813-C33F9F777FD0}.Release|Any CPU.ActiveCfg = Release|Any CPU
		{E0BE6D12-59E9-40DD-9813-C33F9F777FD0}.Release|Any CPU.Build.0 = Release|Any CPU
		{DF2B1354-1ECD-433E-BBEC-8D2EA3B84BBE}.Debug|Any CPU.ActiveCfg = Debug|Any CPU
		{DF2B1354-1ECD-433E-BBEC-8D2EA3B84BBE}.Debug|Any CPU.Build.0 = Debug|Any CPU
		{DF2B1354-1ECD-433E-BBEC-8D2EA3B84BBE}.Release|Any CPU.ActiveCfg = Release|Any CPU
		{DF2B1354-1ECD-433E-BBEC-8D2EA3B84BBE}.Release|Any CPU.Build.0 = Release|Any CPU
		{B1C942AF-DA4D-48D1-9F27-7841DAD6F775}.Debug|Any CPU.ActiveCfg = Debug|Any CPU
		{B1C942AF-DA4D-48D1-9F27-7841DAD6F775}.Debug|Any CPU.Build.0 = Debug|Any CPU
		{B1C942AF-DA4D-48D1-9F27-7841DAD6F775}.Release|Any CPU.ActiveCfg = Release|Any CPU
		{B1C942AF-DA4D-48D1-9F27-7841DAD6F775}.Release|Any CPU.Build.0 = Release|Any CPU
		{08B6E381-0406-4313-B25C-AAB0A7657855}.Debug|Any CPU.ActiveCfg = Debug|Any CPU
		{08B6E381-0406-4313-B25C-AAB0A7657855}.Debug|Any CPU.Build.0 = Debug|Any CPU
		{08B6E381-0406-4313-B25C-AAB0A7657855}.Release|Any CPU.ActiveCfg = Release|Any CPU
		{08B6E381-0406-4313-B25C-AAB0A7657855}.Release|Any CPU.Build.0 = Release|Any CPU
		{AF85EF34-6355-4A74-B1A3-079702A9D6D1}.Debug|Any CPU.ActiveCfg = Debug|Any CPU
		{AF85EF34-6355-4A74-B1A3-079702A9D6D1}.Debug|Any CPU.Build.0 = Debug|Any CPU
		{AF85EF34-6355-4A74-B1A3-079702A9D6D1}.Release|Any CPU.ActiveCfg = Release|Any CPU
		{AF85EF34-6355-4A74-B1A3-079702A9D6D1}.Release|Any CPU.Build.0 = Release|Any CPU
		{637DE851-EFDB-4810-9DAE-3BD3B1A7104C}.Debug|Any CPU.ActiveCfg = Debug|Any CPU
		{637DE851-EFDB-4810-9DAE-3BD3B1A7104C}.Debug|Any CPU.Build.0 = Debug|Any CPU
		{637DE851-EFDB-4810-9DAE-3BD3B1A7104C}.Release|Any CPU.ActiveCfg = Release|Any CPU
		{637DE851-EFDB-4810-9DAE-3BD3B1A7104C}.Release|Any CPU.Build.0 = Release|Any CPU
		{D5C26F02-C9EE-47C9-936A-9413C0B7D20C}.Debug|Any CPU.ActiveCfg = Debug|Any CPU
		{D5C26F02-C9EE-47C9-936A-9413C0B7D20C}.Debug|Any CPU.Build.0 = Debug|Any CPU
		{D5C26F02-C9EE-47C9-936A-9413C0B7D20C}.Release|Any CPU.ActiveCfg = Release|Any CPU
		{D5C26F02-C9EE-47C9-936A-9413C0B7D20C}.Release|Any CPU.Build.0 = Release|Any CPU
	EndGlobalSection
	GlobalSection(SolutionProperties) = preSolution
		HideSolutionNode = FALSE
	EndGlobalSection
	GlobalSection(ExtensibilityGlobals) = postSolution
		SolutionGuid = {151379A5-B6D9-4431-AF9A-F1C2C795C997}
	EndGlobalSection
EndGlobal
